
Microsoft Visual Studio Solution File, Format Version 12.00
# Visual Studio Version 16
VisualStudioVersion = 16.0.30804.86
MinimumVisualStudioVersion = 10.0.40219.1
Project("{FAE04EC0-301F-11D3-BF4B-00C04F79EFBC}") = "Todo List", "Todo List\Todo List.csproj", "{352435A8-0112-4DF0-9CB3-32AEB037681B}"
EndProject
Global
	GlobalSection(SolutionConfigurationPlatforms) = preSolution
		Debug|Any CPU = Debug|Any CPU
		Release|Any CPU = Release|Any CPU
	EndGlobalSection
	GlobalSection(ProjectConfigurationPlatforms) = postSolution
		{352435A8-0112-4DF0-9CB3-32AEB037681B}.Debug|Any CPU.ActiveCfg = Debug|Any CPU
		{352435A8-0112-4DF0-9CB3-32AEB037681B}.Debug|Any CPU.Build.0 = Debug|Any CPU
		{352435A8-0112-4DF0-9CB3-32AEB037681B}.Release|Any CPU.ActiveCfg = Release|Any CPU
		{352435A8-0112-4DF0-9CB3-32AEB037681B}.Release|Any CPU.Build.0 = Release|Any CPU
	EndGlobalSection
	GlobalSection(SolutionProperties) = preSolution
		HideSolutionNode = FALSE
	EndGlobalSection
	GlobalSection(ExtensibilityGlobals) = postSolution
		SolutionGuid = {D8A1032E-9927-40E9-BCA5-4070B97C1611}
	EndGlobalSection
EndGlobal
