
Microsoft Visual Studio Solution File, Format Version 12.00
# Visual Studio Version 16
VisualStudioVersion = 16.0.30804.86
MinimumVisualStudioVersion = 10.0.40219.1
Project("{FAE04EC0-301F-11D3-BF4B-00C04F79EFBC}") = "DeckOfCards", "DeckOfCards\DeckOfCards.csproj", "{ED9FE796-2F5E-4113-A580-27EFE75F047B}"
EndProject
Global
	GlobalSection(SolutionConfigurationPlatforms) = preSolution
		Debug|Any CPU = Debug|Any CPU
		Release|Any CPU = Release|Any CPU
	EndGlobalSection
	GlobalSection(ProjectConfigurationPlatforms) = postSolution
		{ED9FE796-2F5E-4113-A580-27EFE75F047B}.Debug|Any CPU.ActiveCfg = Debug|Any CPU
		{ED9FE796-2F5E-4113-A580-27EFE75F047B}.Debug|Any CPU.Build.0 = Debug|Any CPU
		{ED9FE796-2F5E-4113-A580-27EFE75F047B}.Release|Any CPU.ActiveCfg = Release|Any CPU
		{ED9FE796-2F5E-4113-A580-27EFE75F047B}.Release|Any CPU.Build.0 = Release|Any CPU
	EndGlobalSection
	GlobalSection(SolutionProperties) = preSolution
		HideSolutionNode = FALSE
	EndGlobalSection
	GlobalSection(ExtensibilityGlobals) = postSolution
		SolutionGuid = {7A1A7757-F7CA-4901-AD62-F96283D1DBD9}
	EndGlobalSection
EndGlobal
