
Microsoft Visual Studio Solution File, Format Version 12.00
# Visual Studio Version 16
VisualStudioVersion = 16.0.30907.101
MinimumVisualStudioVersion = 10.0.40219.1
Project("{FAE04EC0-301F-11D3-BF4B-00C04F79EFBC}") = "Review", "Review\Review.csproj", "{6A5C0CEA-5CDF-4E97-85CB-A2E95A8AEA41}"
EndProject
Global
	GlobalSection(SolutionConfigurationPlatforms) = preSolution
		Debug|Any CPU = Debug|Any CPU
		Release|Any CPU = Release|Any CPU
	EndGlobalSection
	GlobalSection(ProjectConfigurationPlatforms) = postSolution
		{6A5C0CEA-5CDF-4E97-85CB-A2E95A8AEA41}.Debug|Any CPU.ActiveCfg = Debug|Any CPU
		{6A5C0CEA-5CDF-4E97-85CB-A2E95A8AEA41}.Debug|Any CPU.Build.0 = Debug|Any CPU
		{6A5C0CEA-5CDF-4E97-85CB-A2E95A8AEA41}.Release|Any CPU.ActiveCfg = Release|Any CPU
		{6A5C0CEA-5CDF-4E97-85CB-A2E95A8AEA41}.Release|Any CPU.Build.0 = Release|Any CPU
	EndGlobalSection
	GlobalSection(SolutionProperties) = preSolution
		HideSolutionNode = FALSE
	EndGlobalSection
	GlobalSection(ExtensibilityGlobals) = postSolution
		SolutionGuid = {CEB6BD0E-63FD-4DB0-A78B-10A229685E7E}
	EndGlobalSection
EndGlobal
